
Microsoft Visual Studio Solution File, Format Version 12.00
# Visual Studio Version 16
VisualStudioVersion = 16.0.30011.22
MinimumVisualStudioVersion = 10.0.40219.1
Project("{FAE04EC0-301F-11D3-BF4B-00C04F79EFBC}") = "MovieRater", "MovieRater\MovieRater.csproj", "{EAF4953E-FF56-439F-9F38-64AED21BF426}"
EndProject
Global
	GlobalSection(SolutionConfigurationPlatforms) = preSolution
		Debug|Any CPU = Debug|Any CPU
		Release|Any CPU = Release|Any CPU
	EndGlobalSection
	GlobalSection(ProjectConfigurationPlatforms) = postSolution
		{EAF4953E-FF56-439F-9F38-64AED21BF426}.Debug|Any CPU.ActiveCfg = Debug|Any CPU
		{EAF4953E-FF56-439F-9F38-64AED21BF426}.Debug|Any CPU.Build.0 = Debug|Any CPU
		{EAF4953E-FF56-439F-9F38-64AED21BF426}.Release|Any CPU.ActiveCfg = Release|Any CPU
		{EAF4953E-FF56-439F-9F38-64AED21BF426}.Release|Any CPU.Build.0 = Release|Any CPU
	EndGlobalSection
	GlobalSection(SolutionProperties) = preSolution
		HideSolutionNode = FALSE
	EndGlobalSection
	GlobalSection(ExtensibilityGlobals) = postSolution
		SolutionGuid = {C80E8D23-6661-4E7B-8481-0F87245C25EF}
	EndGlobalSection
EndGlobal
